
Microsoft Visual Studio Solution File, Format Version 12.00
# Visual Studio Version 17
VisualStudioVersion = 17.13.35919.96
MinimumVisualStudioVersion = 10.0.40219.1
Project("{FAE04EC0-301F-11D3-BF4B-00C04F79EFBC}") = "PrimeiroProjeto", "PrimeiroProjeto\PrimeiroProjeto.csproj", "{D6C57EB7-080F-4883-9333-927B099A6267}"
EndProject
Project("{FAE04EC0-301F-11D3-BF4B-00C04F79EFBC}") = "Secao4", "Secao4\Secao4.csproj", "{A5F9CCBB-AB61-4FBB-878C-0B85968B93CB}"
EndProject
Project("{2150E333-8FDC-42A3-9474-1A3956D46DE8}") = "Solution Items", "Solution Items", "{8EC462FD-D22E-90A8-E5CE-7E832BA40C5D}"
	ProjectSection(SolutionItems) = preProject
		.gitignore = .gitignore
	EndProjectSection
EndProject
Project("{FAE04EC0-301F-11D3-BF4B-00C04F79EFBC}") = "Secao5", "Secao5\Secao5.csproj", "{994606AE-C2BA-476A-AD5D-C64E4784FA35}"
EndProject
Project("{FAE04EC0-301F-11D3-BF4B-00C04F79EFBC}") = "Secao6", "Secao6\Secao6.csproj", "{A0C51476-E6C8-4FBE-A665-F6AE4B74B526}"
EndProject
Project("{FAE04EC0-301F-11D3-BF4B-00C04F79EFBC}") = "Secao7", "Secao7\Secao7.csproj", "{A513F8F6-7E55-48AD-BC6F-768DC40E753A}"
EndProject
Project("{FAE04EC0-301F-11D3-BF4B-00C04F79EFBC}") = "Secao8", "Secao8\Secao8.csproj", "{69BAB608-9B54-4FE9-B671-409DA4058D1B}"
EndProject
Project("{FAE04EC0-301F-11D3-BF4B-00C04F79EFBC}") = "Secao9", "Secao9\Secao9.csproj", "{DFF6B9B0-4C1B-4B9F-9F33-F1B5C840F90A}"
EndProject
Global
	GlobalSection(SolutionConfigurationPlatforms) = preSolution
		Debug|Any CPU = Debug|Any CPU
		Release|Any CPU = Release|Any CPU
	EndGlobalSection
	GlobalSection(ProjectConfigurationPlatforms) = postSolution
		{D6C57EB7-080F-4883-9333-927B099A6267}.Debug|Any CPU.ActiveCfg = Debug|Any CPU
		{D6C57EB7-080F-4883-9333-927B099A6267}.Debug|Any CPU.Build.0 = Debug|Any CPU
		{D6C57EB7-080F-4883-9333-927B099A6267}.Release|Any CPU.ActiveCfg = Release|Any CPU
		{D6C57EB7-080F-4883-9333-927B099A6267}.Release|Any CPU.Build.0 = Release|Any CPU
		{A5F9CCBB-AB61-4FBB-878C-0B85968B93CB}.Debug|Any CPU.ActiveCfg = Debug|Any CPU
		{A5F9CCBB-AB61-4FBB-878C-0B85968B93CB}.Debug|Any CPU.Build.0 = Debug|Any CPU
		{A5F9CCBB-AB61-4FBB-878C-0B85968B93CB}.Release|Any CPU.ActiveCfg = Release|Any CPU
		{A5F9CCBB-AB61-4FBB-878C-0B85968B93CB}.Release|Any CPU.Build.0 = Release|Any CPU
		{994606AE-C2BA-476A-AD5D-C64E4784FA35}.Debug|Any CPU.ActiveCfg = Debug|Any CPU
		{994606AE-C2BA-476A-AD5D-C64E4784FA35}.Debug|Any CPU.Build.0 = Debug|Any CPU
		{994606AE-C2BA-476A-AD5D-C64E4784FA35}.Release|Any CPU.ActiveCfg = Release|Any CPU
		{994606AE-C2BA-476A-AD5D-C64E4784FA35}.Release|Any CPU.Build.0 = Release|Any CPU
		{A0C51476-E6C8-4FBE-A665-F6AE4B74B526}.Debug|Any CPU.ActiveCfg = Debug|Any CPU
		{A0C51476-E6C8-4FBE-A665-F6AE4B74B526}.Debug|Any CPU.Build.0 = Debug|Any CPU
		{A0C51476-E6C8-4FBE-A665-F6AE4B74B526}.Release|Any CPU.ActiveCfg = Release|Any CPU
		{A0C51476-E6C8-4FBE-A665-F6AE4B74B526}.Release|Any CPU.Build.0 = Release|Any CPU
		{A513F8F6-7E55-48AD-BC6F-768DC40E753A}.Debug|Any CPU.ActiveCfg = Debug|Any CPU
		{A513F8F6-7E55-48AD-BC6F-768DC40E753A}.Debug|Any CPU.Build.0 = Debug|Any CPU
		{A513F8F6-7E55-48AD-BC6F-768DC40E753A}.Release|Any CPU.ActiveCfg = Release|Any CPU
		{A513F8F6-7E55-48AD-BC6F-768DC40E753A}.Release|Any CPU.Build.0 = Release|Any CPU
		{69BAB608-9B54-4FE9-B671-409DA4058D1B}.Debug|Any CPU.ActiveCfg = Debug|Any CPU
		{69BAB608-9B54-4FE9-B671-409DA4058D1B}.Debug|Any CPU.Build.0 = Debug|Any CPU
		{69BAB608-9B54-4FE9-B671-409DA4058D1B}.Release|Any CPU.ActiveCfg = Release|Any CPU
		{69BAB608-9B54-4FE9-B671-409DA4058D1B}.Release|Any CPU.Build.0 = Release|Any CPU
		{DFF6B9B0-4C1B-4B9F-9F33-F1B5C840F90A}.Debug|Any CPU.ActiveCfg = Debug|Any CPU
		{DFF6B9B0-4C1B-4B9F-9F33-F1B5C840F90A}.Debug|Any CPU.Build.0 = Debug|Any CPU
		{DFF6B9B0-4C1B-4B9F-9F33-F1B5C840F90A}.Release|Any CPU.ActiveCfg = Release|Any CPU
		{DFF6B9B0-4C1B-4B9F-9F33-F1B5C840F90A}.Release|Any CPU.Build.0 = Release|Any CPU
	EndGlobalSection
	GlobalSection(SolutionProperties) = preSolution
		HideSolutionNode = FALSE
	EndGlobalSection
	GlobalSection(ExtensibilityGlobals) = postSolution
		SolutionGuid = {21DACEAE-EBF4-4822-A7AD-BA991E51240A}
	EndGlobalSection
EndGlobal
